// !$*UTF8*$!
{
	archiveVersion = 1;
	classes = {
	};
	objectVersion = 55;
	objects = {

/* Begin PBXBuildFile section */
		AC646B5D293FB27C0036EBA0 /* AccountAndTransactionsApp.swift in Sources */ = {isa = PBXBuildFile; fileRef = AC646B5C293FB27C0036EBA0 /* AccountAndTransactionsApp.swift */; };
		AC646B61293FB2810036EBA0 /* Assets.xcassets in Resources */ = {isa = PBXBuildFile; fileRef = AC646B60293FB2810036EBA0 /* Assets.xcassets */; };
		AC646B64293FB2810036EBA0 /* Preview Assets.xcassets in Resources */ = {isa = PBXBuildFile; fileRef = AC646B63293FB2810036EBA0 /* Preview Assets.xcassets */; };
		AC646B6E293FB2AD0036EBA0 /* README.md in Resources */ = {isa = PBXBuildFile; fileRef = AC646B6B293FB2AC0036EBA0 /* README.md */; };
		AC646B6F293FB2AD0036EBA0 /* Accounts.swift in Sources */ = {isa = PBXBuildFile; fileRef = AC646B6C293FB2AD0036EBA0 /* Accounts.swift */; };
		AC646B70293FB2AD0036EBA0 /* Accounts.txt in Resources */ = {isa = PBXBuildFile; fileRef = AC646B6D293FB2AD0036EBA0 /* Accounts.txt */; };
		AC646B73293FB5EA0036EBA0 /* AccountsView.swift in Sources */ = {isa = PBXBuildFile; fileRef = AC646B72293FB5EA0036EBA0 /* AccountsView.swift */; };
		AC646B75293FB6020036EBA0 /* AccountsInteractor.swift in Sources */ = {isa = PBXBuildFile; fileRef = AC646B74293FB6020036EBA0 /* AccountsInteractor.swift */; };
		AC646B77293FB6130036EBA0 /* Navigation.swift in Sources */ = {isa = PBXBuildFile; fileRef = AC646B76293FB6130036EBA0 /* Navigation.swift */; };
		AC646B7B293FB6F50036EBA0 /* TransactionsView.swift in Sources */ = {isa = PBXBuildFile; fileRef = AC646B7A293FB6F50036EBA0 /* TransactionsView.swift */; };
		AC646B7E293FB8200036EBA0 /* CustomerDataModel.swift in Sources */ = {isa = PBXBuildFile; fileRef = AC646B7D293FB8200036EBA0 /* CustomerDataModel.swift */; };
		AC646B80293FB9E20036EBA0 /* AccountDetailDataModel.swift in Sources */ = {isa = PBXBuildFile; fileRef = AC646B7F293FB9E20036EBA0 /* AccountDetailDataModel.swift */; };
		AC646B82293FBB370036EBA0 /* TransacationDetailDataModel.swift in Sources */ = {isa = PBXBuildFile; fileRef = AC646B81293FBB370036EBA0 /* TransacationDetailDataModel.swift */; };
		AC646B85293FBEEE0036EBA0 /* Services.swift in Sources */ = {isa = PBXBuildFile; fileRef = AC646B84293FBEEE0036EBA0 /* Services.swift */; };
		AC646B87293FBF9F0036EBA0 /* RequestError.swift in Sources */ = {isa = PBXBuildFile; fileRef = AC646B86293FBF9F0036EBA0 /* RequestError.swift */; };
		AC646B89293FC0DD0036EBA0 /* CustomerDataRepository.swift in Sources */ = {isa = PBXBuildFile; fileRef = AC646B88293FC0DD0036EBA0 /* CustomerDataRepository.swift */; };
		AC646B8B2940853F0036EBA0 /* AccountsViewConfigurator.swift in Sources */ = {isa = PBXBuildFile; fileRef = AC646B8A2940853F0036EBA0 /* AccountsViewConfigurator.swift */; };
		AC646B8D2940A3A70036EBA0 /* CustomerInfoViewModel.swift in Sources */ = {isa = PBXBuildFile; fileRef = AC646B8C2940A3A70036EBA0 /* CustomerInfoViewModel.swift */; };
		AC646B8F2940A5B30036EBA0 /* CardsDataModel.swift in Sources */ = {isa = PBXBuildFile; fileRef = AC646B8E2940A5B30036EBA0 /* CardsDataModel.swift */; };
		AC646B922940B5800036EBA0 /* Mockable.swift in Sources */ = {isa = PBXBuildFile; fileRef = AC646B912940B5800036EBA0 /* Mockable.swift */; };
		AC646B942940B59C0036EBA0 /* MockedServices.swift in Sources */ = {isa = PBXBuildFile; fileRef = AC646B932940B59C0036EBA0 /* MockedServices.swift */; };
		AC646B962940B7530036EBA0 /* CustomerInformationMock.txt in Resources */ = {isa = PBXBuildFile; fileRef = AC646B952940B7530036EBA0 /* CustomerInformationMock.txt */; };
		AC646BA52940B7DE0036EBA0 /* AccountsInteractorTests.swift in Sources */ = {isa = PBXBuildFile; fileRef = AC646BA42940B7DE0036EBA0 /* AccountsInteractorTests.swift */; };
		AC646BA72940C3F80036EBA0 /* TransactionsInteractor.swift in Sources */ = {isa = PBXBuildFile; fileRef = AC646BA62940C3F80036EBA0 /* TransactionsInteractor.swift */; };
		AC646BA9294103D60036EBA0 /* TransactionsViewModel.swift in Sources */ = {isa = PBXBuildFile; fileRef = AC646BA8294103D60036EBA0 /* TransactionsViewModel.swift */; };
		AC646BAC29414BAC0036EBA0 /* HeaderView.swift in Sources */ = {isa = PBXBuildFile; fileRef = AC646BAB29414BAC0036EBA0 /* HeaderView.swift */; };
		AC646BAE2941DA790036EBA0 /* LoadingIndicator.swift in Sources */ = {isa = PBXBuildFile; fileRef = AC646BAD2941DA790036EBA0 /* LoadingIndicator.swift */; };
		AC646BB029420F320036EBA0 /* TransactionsViewConfigurator.swift in Sources */ = {isa = PBXBuildFile; fileRef = AC646BAF29420F320036EBA0 /* TransactionsViewConfigurator.swift */; };
		AC646BB329422DCD0036EBA0 /* ErrorView.swift in Sources */ = {isa = PBXBuildFile; fileRef = AC646BB229422DCD0036EBA0 /* ErrorView.swift */; };
/* End PBXBuildFile section */

/* Begin PBXContainerItemProxy section */
		AC646B9F2940B7A00036EBA0 /* PBXContainerItemProxy */ = {
			isa = PBXContainerItemProxy;
			containerPortal = AC646B51293FB27C0036EBA0 /* Project object */;
			proxyType = 1;
			remoteGlobalIDString = AC646B58293FB27C0036EBA0;
			remoteInfo = AccountAndTransactions;
		};
/* End PBXContainerItemProxy section */

/* Begin PBXFileReference section */
		AC646B59293FB27C0036EBA0 /* AccountAndTransactions.app */ = {isa = PBXFileReference; explicitFileType = wrapper.application; includeInIndex = 0; path = AccountAndTransactions.app; sourceTree = BUILT_PRODUCTS_DIR; };
		AC646B5C293FB27C0036EBA0 /* AccountAndTransactionsApp.swift */ = {isa = PBXFileReference; lastKnownFileType = sourcecode.swift; path = AccountAndTransactionsApp.swift; sourceTree = "<group>"; };
		AC646B60293FB2810036EBA0 /* Assets.xcassets */ = {isa = PBXFileReference; lastKnownFileType = folder.assetcatalog; path = Assets.xcassets; sourceTree = "<group>"; };
		AC646B63293FB2810036EBA0 /* Preview Assets.xcassets */ = {isa = PBXFileReference; lastKnownFileType = folder.assetcatalog; path = "Preview Assets.xcassets"; sourceTree = "<group>"; };
		AC646B6B293FB2AC0036EBA0 /* README.md */ = {isa = PBXFileReference; fileEncoding = 4; lastKnownFileType = net.daringfireball.markdown; path = README.md; sourceTree = "<group>"; };
		AC646B6C293FB2AD0036EBA0 /* Accounts.swift */ = {isa = PBXFileReference; fileEncoding = 4; lastKnownFileType = sourcecode.swift; path = Accounts.swift; sourceTree = "<group>"; };
		AC646B6D293FB2AD0036EBA0 /* Accounts.txt */ = {isa = PBXFileReference; fileEncoding = 4; lastKnownFileType = text; path = Accounts.txt; sourceTree = "<group>"; };
		AC646B72293FB5EA0036EBA0 /* AccountsView.swift */ = {isa = PBXFileReference; lastKnownFileType = sourcecode.swift; path = AccountsView.swift; sourceTree = "<group>"; };
		AC646B74293FB6020036EBA0 /* AccountsInteractor.swift */ = {isa = PBXFileReference; lastKnownFileType = sourcecode.swift; path = AccountsInteractor.swift; sourceTree = "<group>"; };
		AC646B76293FB6130036EBA0 /* Navigation.swift */ = {isa = PBXFileReference; lastKnownFileType = sourcecode.swift; path = Navigation.swift; sourceTree = "<group>"; };
		AC646B7A293FB6F50036EBA0 /* TransactionsView.swift */ = {isa = PBXFileReference; lastKnownFileType = sourcecode.swift; path = TransactionsView.swift; sourceTree = "<group>"; };
		AC646B7D293FB8200036EBA0 /* CustomerDataModel.swift */ = {isa = PBXFileReference; lastKnownFileType = sourcecode.swift; path = CustomerDataModel.swift; sourceTree = "<group>"; };
		AC646B7F293FB9E20036EBA0 /* AccountDetailDataModel.swift */ = {isa = PBXFileReference; lastKnownFileType = sourcecode.swift; path = AccountDetailDataModel.swift; sourceTree = "<group>"; };
		AC646B81293FBB370036EBA0 /* TransacationDetailDataModel.swift */ = {isa = PBXFileReference; lastKnownFileType = sourcecode.swift; path = TransacationDetailDataModel.swift; sourceTree = "<group>"; };
		AC646B84293FBEEE0036EBA0 /* Services.swift */ = {isa = PBXFileReference; lastKnownFileType = sourcecode.swift; path = Services.swift; sourceTree = "<group>"; };
		AC646B86293FBF9F0036EBA0 /* RequestError.swift */ = {isa = PBXFileReference; lastKnownFileType = sourcecode.swift; path = RequestError.swift; sourceTree = "<group>"; };
		AC646B88293FC0DD0036EBA0 /* CustomerDataRepository.swift */ = {isa = PBXFileReference; lastKnownFileType = sourcecode.swift; path = CustomerDataRepository.swift; sourceTree = "<group>"; };
		AC646B8A2940853F0036EBA0 /* AccountsViewConfigurator.swift */ = {isa = PBXFileReference; lastKnownFileType = sourcecode.swift; path = AccountsViewConfigurator.swift; sourceTree = "<group>"; };
		AC646B8C2940A3A70036EBA0 /* CustomerInfoViewModel.swift */ = {isa = PBXFileReference; lastKnownFileType = sourcecode.swift; path = CustomerInfoViewModel.swift; sourceTree = "<group>"; };
		AC646B8E2940A5B30036EBA0 /* CardsDataModel.swift */ = {isa = PBXFileReference; lastKnownFileType = sourcecode.swift; path = CardsDataModel.swift; sourceTree = "<group>"; };
		AC646B912940B5800036EBA0 /* Mockable.swift */ = {isa = PBXFileReference; lastKnownFileType = sourcecode.swift; path = Mockable.swift; sourceTree = "<group>"; };
		AC646B932940B59C0036EBA0 /* MockedServices.swift */ = {isa = PBXFileReference; lastKnownFileType = sourcecode.swift; path = MockedServices.swift; sourceTree = "<group>"; };
		AC646B952940B7530036EBA0 /* CustomerInformationMock.txt */ = {isa = PBXFileReference; fileEncoding = 4; lastKnownFileType = text; path = CustomerInformationMock.txt; sourceTree = "<group>"; };
		AC646B9B2940B7A00036EBA0 /* AccountAndTransactionsTests.xctest */ = {isa = PBXFileReference; explicitFileType = wrapper.cfbundle; includeInIndex = 0; path = AccountAndTransactionsTests.xctest; sourceTree = BUILT_PRODUCTS_DIR; };
		AC646BA42940B7DE0036EBA0 /* AccountsInteractorTests.swift */ = {isa = PBXFileReference; lastKnownFileType = sourcecode.swift; path = AccountsInteractorTests.swift; sourceTree = "<group>"; };
		AC646BA62940C3F80036EBA0 /* TransactionsInteractor.swift */ = {isa = PBXFileReference; lastKnownFileType = sourcecode.swift; path = TransactionsInteractor.swift; sourceTree = "<group>"; };
		AC646BA8294103D60036EBA0 /* TransactionsViewModel.swift */ = {isa = PBXFileReference; lastKnownFileType = sourcecode.swift; path = TransactionsViewModel.swift; sourceTree = "<group>"; };
		AC646BAB29414BAC0036EBA0 /* HeaderView.swift */ = {isa = PBXFileReference; lastKnownFileType = sourcecode.swift; path = HeaderView.swift; sourceTree = "<group>"; };
		AC646BAD2941DA790036EBA0 /* LoadingIndicator.swift */ = {isa = PBXFileReference; lastKnownFileType = sourcecode.swift; path = LoadingIndicator.swift; sourceTree = "<group>"; };
		AC646BAF29420F320036EBA0 /* TransactionsViewConfigurator.swift */ = {isa = PBXFileReference; lastKnownFileType = sourcecode.swift; path = TransactionsViewConfigurator.swift; sourceTree = "<group>"; };
		AC646BB229422DCD0036EBA0 /* ErrorView.swift */ = {isa = PBXFileReference; lastKnownFileType = sourcecode.swift; path = ErrorView.swift; sourceTree = "<group>"; };
/* End PBXFileReference section */

/* Begin PBXFrameworksBuildPhase section */
		AC646B56293FB27C0036EBA0 /* Frameworks */ = {
			isa = PBXFrameworksBuildPhase;
			buildActionMask = 2147483647;
			files = (
			);
			runOnlyForDeploymentPostprocessing = 0;
		};
		AC646B982940B7A00036EBA0 /* Frameworks */ = {
			isa = PBXFrameworksBuildPhase;
			buildActionMask = 2147483647;
			files = (
			);
			runOnlyForDeploymentPostprocessing = 0;
		};
/* End PBXFrameworksBuildPhase section */

/* Begin PBXGroup section */
		AC646B50293FB27C0036EBA0 = {
			isa = PBXGroup;
			children = (
				AC646B6A293FB2940036EBA0 /* Template */,
				AC646B5B293FB27C0036EBA0 /* AccountAndTransactions */,
				AC646B9C2940B7A00036EBA0 /* AccountAndTransactionsTests */,
				AC646B5A293FB27C0036EBA0 /* Products */,
			);
			sourceTree = "<group>";
		};
		AC646B5A293FB27C0036EBA0 /* Products */ = {
			isa = PBXGroup;
			children = (
				AC646B59293FB27C0036EBA0 /* AccountAndTransactions.app */,
				AC646B9B2940B7A00036EBA0 /* AccountAndTransactionsTests.xctest */,
			);
			name = Products;
			sourceTree = "<group>";
		};
		AC646B5B293FB27C0036EBA0 /* AccountAndTransactions */ = {
			isa = PBXGroup;
			children = (
				AC646BAA29414B8B0036EBA0 /* Utils */,
				AC646B902940B5400036EBA0 /* Mocks */,
				AC646B83293FBEDB0036EBA0 /* Networking */,
				AC646B7C293FB7C40036EBA0 /* Data */,
				AC646B79293FB6DC0036EBA0 /* Transactions */,
				AC646B78293FB62F0036EBA0 /* Navigation */,
				AC646B71293FB5D50036EBA0 /* AccountsView */,
				AC646B5C293FB27C0036EBA0 /* AccountAndTransactionsApp.swift */,
				AC646B60293FB2810036EBA0 /* Assets.xcassets */,
				AC646B62293FB2810036EBA0 /* Preview Content */,
			);
			path = AccountAndTransactions;
			sourceTree = "<group>";
		};
		AC646B62293FB2810036EBA0 /* Preview Content */ = {
			isa = PBXGroup;
			children = (
				AC646B63293FB2810036EBA0 /* Preview Assets.xcassets */,
			);
			path = "Preview Content";
			sourceTree = "<group>";
		};
		AC646B6A293FB2940036EBA0 /* Template */ = {
			isa = PBXGroup;
			children = (
				AC646B6C293FB2AD0036EBA0 /* Accounts.swift */,
				AC646B6D293FB2AD0036EBA0 /* Accounts.txt */,
				AC646B6B293FB2AC0036EBA0 /* README.md */,
			);
			path = Template;
			sourceTree = "<group>";
		};
		AC646B71293FB5D50036EBA0 /* AccountsView */ = {
			isa = PBXGroup;
			children = (
				AC646B72293FB5EA0036EBA0 /* AccountsView.swift */,
				AC646B74293FB6020036EBA0 /* AccountsInteractor.swift */,
				AC646B8A2940853F0036EBA0 /* AccountsViewConfigurator.swift */,
				AC646B8C2940A3A70036EBA0 /* CustomerInfoViewModel.swift */,
			);
			path = AccountsView;
			sourceTree = "<group>";
		};
		AC646B78293FB62F0036EBA0 /* Navigation */ = {
			isa = PBXGroup;
			children = (
				AC646B76293FB6130036EBA0 /* Navigation.swift */,
			);
			path = Navigation;
			sourceTree = "<group>";
		};
		AC646B79293FB6DC0036EBA0 /* Transactions */ = {
			isa = PBXGroup;
			children = (
				AC646B7A293FB6F50036EBA0 /* TransactionsView.swift */,
				AC646BA62940C3F80036EBA0 /* TransactionsInteractor.swift */,
				AC646BA8294103D60036EBA0 /* TransactionsViewModel.swift */,
				AC646BAF29420F320036EBA0 /* TransactionsViewConfigurator.swift */,
			);
			path = Transactions;
			sourceTree = "<group>";
		};
		AC646B7C293FB7C40036EBA0 /* Data */ = {
			isa = PBXGroup;
			children = (
				AC646B7D293FB8200036EBA0 /* CustomerDataModel.swift */,
				AC646B7F293FB9E20036EBA0 /* AccountDetailDataModel.swift */,
				AC646B81293FBB370036EBA0 /* TransacationDetailDataModel.swift */,
				AC646B8E2940A5B30036EBA0 /* CardsDataModel.swift */,
			);
			path = Data;
			sourceTree = "<group>";
		};
		AC646B83293FBEDB0036EBA0 /* Networking */ = {
			isa = PBXGroup;
			children = (
				AC646B84293FBEEE0036EBA0 /* Services.swift */,
				AC646B86293FBF9F0036EBA0 /* RequestError.swift */,
				AC646B88293FC0DD0036EBA0 /* CustomerDataRepository.swift */,
			);
			path = Networking;
			sourceTree = "<group>";
		};
		AC646B902940B5400036EBA0 /* Mocks */ = {
			isa = PBXGroup;
			children = (
				AC646B952940B7530036EBA0 /* CustomerInformationMock.txt */,
				AC646B912940B5800036EBA0 /* Mockable.swift */,
				AC646B932940B59C0036EBA0 /* MockedServices.swift */,
			);
			path = Mocks;
			sourceTree = "<group>";
		};
		AC646B9C2940B7A00036EBA0 /* AccountAndTransactionsTests */ = {
			isa = PBXGroup;
			children = (
				AC646BA42940B7DE0036EBA0 /* AccountsInteractorTests.swift */,
			);
			path = AccountAndTransactionsTests;
			sourceTree = "<group>";
		};
		AC646BAA29414B8B0036EBA0 /* Utils */ = {
			isa = PBXGroup;
			children = (
				AC646BAB29414BAC0036EBA0 /* HeaderView.swift */,
				AC646BAD2941DA790036EBA0 /* LoadingIndicator.swift */,
				AC646BB229422DCD0036EBA0 /* ErrorView.swift */,
			);
			path = Utils;
			sourceTree = "<group>";
		};
/* End PBXGroup section */

/* Begin PBXNativeTarget section */
		AC646B58293FB27C0036EBA0 /* AccountAndTransactions */ = {
			isa = PBXNativeTarget;
			buildConfigurationList = AC646B67293FB2810036EBA0 /* Build configuration list for PBXNativeTarget "AccountAndTransactions" */;
			buildPhases = (
				AC646B55293FB27C0036EBA0 /* Sources */,
				AC646B56293FB27C0036EBA0 /* Frameworks */,
				AC646B57293FB27C0036EBA0 /* Resources */,
			);
			buildRules = (
			);
			dependencies = (
			);
			name = AccountAndTransactions;
			productName = AccountAndTransactions;
			productReference = AC646B59293FB27C0036EBA0 /* AccountAndTransactions.app */;
			productType = "com.apple.product-type.application";
		};
		AC646B9A2940B7A00036EBA0 /* AccountAndTransactionsTests */ = {
			isa = PBXNativeTarget;
			buildConfigurationList = AC646BA12940B7A00036EBA0 /* Build configuration list for PBXNativeTarget "AccountAndTransactionsTests" */;
			buildPhases = (
				AC646B972940B7A00036EBA0 /* Sources */,
				AC646B982940B7A00036EBA0 /* Frameworks */,
				AC646B992940B7A00036EBA0 /* Resources */,
			);
			buildRules = (
			);
			dependencies = (
				AC646BA02940B7A00036EBA0 /* PBXTargetDependency */,
			);
			name = AccountAndTransactionsTests;
			productName = AccountAndTransactionsTests;
			productReference = AC646B9B2940B7A00036EBA0 /* AccountAndTransactionsTests.xctest */;
			productType = "com.apple.product-type.bundle.unit-test";
		};
/* End PBXNativeTarget section */

/* Begin PBXProject section */
		AC646B51293FB27C0036EBA0 /* Project object */ = {
			isa = PBXProject;
			attributes = {
				BuildIndependentTargetsInParallel = 1;
				LastSwiftUpdateCheck = 1300;
				LastUpgradeCheck = 1300;
				TargetAttributes = {
					AC646B58293FB27C0036EBA0 = {
						CreatedOnToolsVersion = 13.0;
					};
					AC646B9A2940B7A00036EBA0 = {
						CreatedOnToolsVersion = 13.0;
						TestTargetID = AC646B58293FB27C0036EBA0;
					};
				};
			};
			buildConfigurationList = AC646B54293FB27C0036EBA0 /* Build configuration list for PBXProject "AccountAndTransactions" */;
			compatibilityVersion = "Xcode 13.0";
			developmentRegion = en;
			hasScannedForEncodings = 0;
			knownRegions = (
				en,
				Base,
			);
			mainGroup = AC646B50293FB27C0036EBA0;
			productRefGroup = AC646B5A293FB27C0036EBA0 /* Products */;
			projectDirPath = "";
			projectRoot = "";
			targets = (
				AC646B58293FB27C0036EBA0 /* AccountAndTransactions */,
				AC646B9A2940B7A00036EBA0 /* AccountAndTransactionsTests */,
			);
		};
/* End PBXProject section */

/* Begin PBXResourcesBuildPhase section */
		AC646B57293FB27C0036EBA0 /* Resources */ = {
			isa = PBXResourcesBuildPhase;
			buildActionMask = 2147483647;
			files = (
				AC646B962940B7530036EBA0 /* CustomerInformationMock.txt in Resources */,
				AC646B6E293FB2AD0036EBA0 /* README.md in Resources */,
				AC646B64293FB2810036EBA0 /* Preview Assets.xcassets in Resources */,
				AC646B70293FB2AD0036EBA0 /* Accounts.txt in Resources */,
				AC646B61293FB2810036EBA0 /* Assets.xcassets in Resources */,
			);
			runOnlyForDeploymentPostprocessing = 0;
		};
		AC646B992940B7A00036EBA0 /* Resources */ = {
			isa = PBXResourcesBuildPhase;
			buildActionMask = 2147483647;
			files = (
			);
			runOnlyForDeploymentPostprocessing = 0;
		};
/* End PBXResourcesBuildPhase section */

/* Begin PBXSourcesBuildPhase section */
		AC646B55293FB27C0036EBA0 /* Sources */ = {
			isa = PBXSourcesBuildPhase;
			buildActionMask = 2147483647;
			files = (
				AC646BAE2941DA790036EBA0 /* LoadingIndicator.swift in Sources */,
				AC646B75293FB6020036EBA0 /* AccountsInteractor.swift in Sources */,
				AC646B80293FB9E20036EBA0 /* AccountDetailDataModel.swift in Sources */,
				AC646B73293FB5EA0036EBA0 /* AccountsView.swift in Sources */,
				AC646B85293FBEEE0036EBA0 /* Services.swift in Sources */,
				AC646B89293FC0DD0036EBA0 /* CustomerDataRepository.swift in Sources */,
				AC646BB329422DCD0036EBA0 /* ErrorView.swift in Sources */,
				AC646B77293FB6130036EBA0 /* Navigation.swift in Sources */,
				AC646B8F2940A5B30036EBA0 /* CardsDataModel.swift in Sources */,
				AC646BA9294103D60036EBA0 /* TransactionsViewModel.swift in Sources */,
				AC646B942940B59C0036EBA0 /* MockedServices.swift in Sources */,
				AC646B922940B5800036EBA0 /* Mockable.swift in Sources */,
				AC646B82293FBB370036EBA0 /* TransacationDetailDataModel.swift in Sources */,
				AC646BB029420F320036EBA0 /* TransactionsViewConfigurator.swift in Sources */,
				AC646BA72940C3F80036EBA0 /* TransactionsInteractor.swift in Sources */,
				AC646BAC29414BAC0036EBA0 /* HeaderView.swift in Sources */,
				AC646B8D2940A3A70036EBA0 /* CustomerInfoViewModel.swift in Sources */,
				AC646B5D293FB27C0036EBA0 /* AccountAndTransactionsApp.swift in Sources */,
				AC646B87293FBF9F0036EBA0 /* RequestError.swift in Sources */,
				AC646B6F293FB2AD0036EBA0 /* Accounts.swift in Sources */,
				AC646B8B2940853F0036EBA0 /* AccountsViewConfigurator.swift in Sources */,
				AC646B7B293FB6F50036EBA0 /* TransactionsView.swift in Sources */,
				AC646B7E293FB8200036EBA0 /* CustomerDataModel.swift in Sources */,
			);
			runOnlyForDeploymentPostprocessing = 0;
		};
		AC646B972940B7A00036EBA0 /* Sources */ = {
			isa = PBXSourcesBuildPhase;
			buildActionMask = 2147483647;
			files = (
				AC646BA52940B7DE0036EBA0 /* AccountsInteractorTests.swift in Sources */,
			);
			runOnlyForDeploymentPostprocessing = 0;
		};
/* End PBXSourcesBuildPhase section */

/* Begin PBXTargetDependency section */
		AC646BA02940B7A00036EBA0 /* PBXTargetDependency */ = {
			isa = PBXTargetDependency;
			target = AC646B58293FB27C0036EBA0 /* AccountAndTransactions */;
			targetProxy = AC646B9F2940B7A00036EBA0 /* PBXContainerItemProxy */;
		};
/* End PBXTargetDependency section */

/* Begin XCBuildConfiguration section */
		AC646B65293FB2810036EBA0 /* Debug */ = {
			isa = XCBuildConfiguration;
			buildSettings = {
				ALWAYS_SEARCH_USER_PATHS = NO;
				CLANG_ANALYZER_NONNULL = YES;
				CLANG_ANALYZER_NUMBER_OBJECT_CONVERSION = YES_AGGRESSIVE;
				CLANG_CXX_LANGUAGE_STANDARD = "gnu++17";
				CLANG_CXX_LIBRARY = "libc++";
				CLANG_ENABLE_MODULES = YES;
				CLANG_ENABLE_OBJC_ARC = YES;
				CLANG_ENABLE_OBJC_WEAK = YES;
				CLANG_WARN_BLOCK_CAPTURE_AUTORELEASING = YES;
				CLANG_WARN_BOOL_CONVERSION = YES;
				CLANG_WARN_COMMA = YES;
				CLANG_WARN_CONSTANT_CONVERSION = YES;
				CLANG_WARN_DEPRECATED_OBJC_IMPLEMENTATIONS = YES;
				CLANG_WARN_DIRECT_OBJC_ISA_USAGE = YES_ERROR;
				CLANG_WARN_DOCUMENTATION_COMMENTS = YES;
				CLANG_WARN_EMPTY_BODY = YES;
				CLANG_WARN_ENUM_CONVERSION = YES;
				CLANG_WARN_INFINITE_RECURSION = YES;
				CLANG_WARN_INT_CONVERSION = YES;
				CLANG_WARN_NON_LITERAL_NULL_CONVERSION = YES;
				CLANG_WARN_OBJC_IMPLICIT_RETAIN_SELF = YES;
				CLANG_WARN_OBJC_LITERAL_CONVERSION = YES;
				CLANG_WARN_OBJC_ROOT_CLASS = YES_ERROR;
				CLANG_WARN_QUOTED_INCLUDE_IN_FRAMEWORK_HEADER = YES;
				CLANG_WARN_RANGE_LOOP_ANALYSIS = YES;
				CLANG_WARN_STRICT_PROTOTYPES = YES;
				CLANG_WARN_SUSPICIOUS_MOVE = YES;
				CLANG_WARN_UNGUARDED_AVAILABILITY = YES_AGGRESSIVE;
				CLANG_WARN_UNREACHABLE_CODE = YES;
				CLANG_WARN__DUPLICATE_METHOD_MATCH = YES;
				COPY_PHASE_STRIP = NO;
				DEBUG_INFORMATION_FORMAT = dwarf;
				ENABLE_STRICT_OBJC_MSGSEND = YES;
				ENABLE_TESTABILITY = YES;
				GCC_C_LANGUAGE_STANDARD = gnu11;
				GCC_DYNAMIC_NO_PIC = NO;
				GCC_NO_COMMON_BLOCKS = YES;
				GCC_OPTIMIZATION_LEVEL = 0;
				GCC_PREPROCESSOR_DEFINITIONS = (
					"DEBUG=1",
					"$(inherited)",
				);
				GCC_WARN_64_TO_32_BIT_CONVERSION = YES;
				GCC_WARN_ABOUT_RETURN_TYPE = YES_ERROR;
				GCC_WARN_UNDECLARED_SELECTOR = YES;
				GCC_WARN_UNINITIALIZED_AUTOS = YES_AGGRESSIVE;
				GCC_WARN_UNUSED_FUNCTION = YES;
				GCC_WARN_UNUSED_VARIABLE = YES;
				IPHONEOS_DEPLOYMENT_TARGET = 15.0;
				MTL_ENABLE_DEBUG_INFO = INCLUDE_SOURCE;
				MTL_FAST_MATH = YES;
				ONLY_ACTIVE_ARCH = YES;
				SDKROOT = iphoneos;
				SWIFT_ACTIVE_COMPILATION_CONDITIONS = DEBUG;
				SWIFT_OPTIMIZATION_LEVEL = "-Onone";
			};
			name = Debug;
		};
		AC646B66293FB2810036EBA0 /* Release */ = {
			isa = XCBuildConfiguration;
			buildSettings = {
				ALWAYS_SEARCH_USER_PATHS = NO;
				CLANG_ANALYZER_NONNULL = YES;
				CLANG_ANALYZER_NUMBER_OBJECT_CONVERSION = YES_AGGRESSIVE;
				CLANG_CXX_LANGUAGE_STANDARD = "gnu++17";
				CLANG_CXX_LIBRARY = "libc++";
				CLANG_ENABLE_MODULES = YES;
				CLANG_ENABLE_OBJC_ARC = YES;
				CLANG_ENABLE_OBJC_WEAK = YES;
				CLANG_WARN_BLOCK_CAPTURE_AUTORELEASING = YES;
				CLANG_WARN_BOOL_CONVERSION = YES;
				CLANG_WARN_COMMA = YES;
				CLANG_WARN_CONSTANT_CONVERSION = YES;
				CLANG_WARN_DEPRECATED_OBJC_IMPLEMENTATIONS = YES;
				CLANG_WARN_DIRECT_OBJC_ISA_USAGE = YES_ERROR;
				CLANG_WARN_DOCUMENTATION_COMMENTS = YES;
				CLANG_WARN_EMPTY_BODY = YES;
				CLANG_WARN_ENUM_CONVERSION = YES;
				CLANG_WARN_INFINITE_RECURSION = YES;
				CLANG_WARN_INT_CONVERSION = YES;
				CLANG_WARN_NON_LITERAL_NULL_CONVERSION = YES;
				CLANG_WARN_OBJC_IMPLICIT_RETAIN_SELF = YES;
				CLANG_WARN_OBJC_LITERAL_CONVERSION = YES;
				CLANG_WARN_OBJC_ROOT_CLASS = YES_ERROR;
				CLANG_WARN_QUOTED_INCLUDE_IN_FRAMEWORK_HEADER = YES;
				CLANG_WARN_RANGE_LOOP_ANALYSIS = YES;
				CLANG_WARN_STRICT_PROTOTYPES = YES;
				CLANG_WARN_SUSPICIOUS_MOVE = YES;
				CLANG_WARN_UNGUARDED_AVAILABILITY = YES_AGGRESSIVE;
				CLANG_WARN_UNREACHABLE_CODE = YES;
				CLANG_WARN__DUPLICATE_METHOD_MATCH = YES;
				COPY_PHASE_STRIP = NO;
				DEBUG_INFORMATION_FORMAT = "dwarf-with-dsym";
				ENABLE_NS_ASSERTIONS = NO;
				ENABLE_STRICT_OBJC_MSGSEND = YES;
				GCC_C_LANGUAGE_STANDARD = gnu11;
				GCC_NO_COMMON_BLOCKS = YES;
				GCC_WARN_64_TO_32_BIT_CONVERSION = YES;
				GCC_WARN_ABOUT_RETURN_TYPE = YES_ERROR;
				GCC_WARN_UNDECLARED_SELECTOR = YES;
				GCC_WARN_UNINITIALIZED_AUTOS = YES_AGGRESSIVE;
				GCC_WARN_UNUSED_FUNCTION = YES;
				GCC_WARN_UNUSED_VARIABLE = YES;
				IPHONEOS_DEPLOYMENT_TARGET = 15.0;
				MTL_ENABLE_DEBUG_INFO = NO;
				MTL_FAST_MATH = YES;
				SDKROOT = iphoneos;
				SWIFT_COMPILATION_MODE = wholemodule;
				SWIFT_OPTIMIZATION_LEVEL = "-O";
				VALIDATE_PRODUCT = YES;
			};
			name = Release;
		};
		AC646B68293FB2810036EBA0 /* Debug */ = {
			isa = XCBuildConfiguration;
			buildSettings = {
				ASSETCATALOG_COMPILER_APPICON_NAME = AppIcon;
				ASSETCATALOG_COMPILER_GLOBAL_ACCENT_COLOR_NAME = AccentColor;
				CODE_SIGN_STYLE = Automatic;
				CURRENT_PROJECT_VERSION = 1;
				DEVELOPMENT_ASSET_PATHS = "\"AccountAndTransactions/Preview Content\"";
				ENABLE_PREVIEWS = YES;
				GENERATE_INFOPLIST_FILE = YES;
				INFOPLIST_KEY_UIApplicationSceneManifest_Generation = YES;
				INFOPLIST_KEY_UIApplicationSupportsIndirectInputEvents = YES;
				INFOPLIST_KEY_UILaunchScreen_Generation = YES;
				INFOPLIST_KEY_UISupportedInterfaceOrientations_iPad = "UIInterfaceOrientationPortrait UIInterfaceOrientationPortraitUpsideDown UIInterfaceOrientationLandscapeLeft UIInterfaceOrientationLandscapeRight";
				INFOPLIST_KEY_UISupportedInterfaceOrientations_iPhone = "UIInterfaceOrientationPortrait UIInterfaceOrientationLandscapeLeft UIInterfaceOrientationLandscapeRight";
				IPHONEOS_DEPLOYMENT_TARGET = 15.0;
				LD_RUNPATH_SEARCH_PATHS = (
					"$(inherited)",
					"@executable_path/Frameworks",
				);
				MARKETING_VERSION = 1.0;
				PRODUCT_BUNDLE_IDENTIFIER = com.rakshith.AccountAndTransactions;
				PRODUCT_NAME = "$(TARGET_NAME)";
				SWIFT_EMIT_LOC_STRINGS = YES;
				SWIFT_VERSION = 5.0;
				TARGETED_DEVICE_FAMILY = "1,2";
			};
			name = Debug;
		};
		AC646B69293FB2810036EBA0 /* Release */ = {
			isa = XCBuildConfiguration;
			buildSettings = {
				ASSETCATALOG_COMPILER_APPICON_NAME = AppIcon;
				ASSETCATALOG_COMPILER_GLOBAL_ACCENT_COLOR_NAME = AccentColor;
				CODE_SIGN_STYLE = Automatic;
				CURRENT_PROJECT_VERSION = 1;
				DEVELOPMENT_ASSET_PATHS = "\"AccountAndTransactions/Preview Content\"";
				ENABLE_PREVIEWS = YES;
				GENERATE_INFOPLIST_FILE = YES;
				INFOPLIST_KEY_UIApplicationSceneManifest_Generation = YES;
				INFOPLIST_KEY_UIApplicationSupportsIndirectInputEvents = YES;
				INFOPLIST_KEY_UILaunchScreen_Generation = YES;
				INFOPLIST_KEY_UISupportedInterfaceOrientations_iPad = "UIInterfaceOrientationPortrait UIInterfaceOrientationPortraitUpsideDown UIInterfaceOrientationLandscapeLeft UIInterfaceOrientationLandscapeRight";
				INFOPLIST_KEY_UISupportedInterfaceOrientations_iPhone = "UIInterfaceOrientationPortrait UIInterfaceOrientationLandscapeLeft UIInterfaceOrientationLandscapeRight";
				IPHONEOS_DEPLOYMENT_TARGET = 15.0;
				LD_RUNPATH_SEARCH_PATHS = (
					"$(inherited)",
					"@executable_path/Frameworks",
				);
				MARKETING_VERSION = 1.0;
				PRODUCT_BUNDLE_IDENTIFIER = com.rakshith.AccountAndTransactions;
				PRODUCT_NAME = "$(TARGET_NAME)";
				SWIFT_EMIT_LOC_STRINGS = YES;
				SWIFT_VERSION = 5.0;
				TARGETED_DEVICE_FAMILY = "1,2";
			};
			name = Release;
		};
		AC646BA22940B7A00036EBA0 /* Debug */ = {
			isa = XCBuildConfiguration;
			buildSettings = {
				BUNDLE_LOADER = "$(TEST_HOST)";
				CODE_SIGN_STYLE = Automatic;
				CURRENT_PROJECT_VERSION = 1;
				GENERATE_INFOPLIST_FILE = YES;
				LD_RUNPATH_SEARCH_PATHS = (
					"$(inherited)",
					"@executable_path/Frameworks",
					"@loader_path/Frameworks",
				);
				MARKETING_VERSION = 1.0;
				PRODUCT_BUNDLE_IDENTIFIER = com.rakshith.AccountAndTransactionsTests;
				PRODUCT_NAME = "$(TARGET_NAME)";
				SWIFT_EMIT_LOC_STRINGS = NO;
				SWIFT_VERSION = 5.0;
				TARGETED_DEVICE_FAMILY = "1,2";
				TEST_HOST = "$(BUILT_PRODUCTS_DIR)/AccountAndTransactions.app/AccountAndTransactions";
			};
			name = Debug;
		};
		AC646BA32940B7A00036EBA0 /* Release */ = {
			isa = XCBuildConfiguration;
			buildSettings = {
				BUNDLE_LOADER = "$(TEST_HOST)";
				CODE_SIGN_STYLE = Automatic;
				CURRENT_PROJECT_VERSION = 1;
				GENERATE_INFOPLIST_FILE = YES;
				LD_RUNPATH_SEARCH_PATHS = (
					"$(inherited)",
					"@executable_path/Frameworks",
					"@loader_path/Frameworks",
				);
				MARKETING_VERSION = 1.0;
				PRODUCT_BUNDLE_IDENTIFIER = com.rakshith.AccountAndTransactionsTests;
				PRODUCT_NAME = "$(TARGET_NAME)";
				SWIFT_EMIT_LOC_STRINGS = NO;
				SWIFT_VERSION = 5.0;
				TARGETED_DEVICE_FAMILY = "1,2";
				TEST_HOST = "$(BUILT_PRODUCTS_DIR)/AccountAndTransactions.app/AccountAndTransactions";
			};
			name = Release;
		};
/* End XCBuildConfiguration section */

/* Begin XCConfigurationList section */
		AC646B54293FB27C0036EBA0 /* Build configuration list for PBXProject "AccountAndTransactions" */ = {
			isa = XCConfigurationList;
			buildConfigurations = (
				AC646B65293FB2810036EBA0 /* Debug */,
				AC646B66293FB2810036EBA0 /* Release */,
			);
			defaultConfigurationIsVisible = 0;
			defaultConfigurationName = Release;
		};
		AC646B67293FB2810036EBA0 /* Build configuration list for PBXNativeTarget "AccountAndTransactions" */ = {
			isa = XCConfigurationList;
			buildConfigurations = (
				AC646B68293FB2810036EBA0 /* Debug */,
				AC646B69293FB2810036EBA0 /* Release */,
			);
			defaultConfigurationIsVisible = 0;
			defaultConfigurationName = Release;
		};
		AC646BA12940B7A00036EBA0 /* Build configuration list for PBXNativeTarget "AccountAndTransactionsTests" */ = {
			isa = XCConfigurationList;
			buildConfigurations = (
				AC646BA22940B7A00036EBA0 /* Debug */,
				AC646BA32940B7A00036EBA0 /* Release */,
			);
			defaultConfigurationIsVisible = 0;
			defaultConfigurationName = Release;
		};
/* End XCConfigurationList section */
	};
	rootObject = AC646B51293FB27C0036EBA0 /* Project object */;
}
